
Microsoft Visual Studio Solution File, Format Version 12.00
# Visual Studio Version 17
VisualStudioVersion = 17.9.34622.214
MinimumVisualStudioVersion = 10.0.40219.1
Project("{FAE04EC0-301F-11D3-BF4B-00C04F79EFBC}") = "GoogleRankTracker.Server", "GoogleRankTracker.Server\GoogleRankTracker.Server.csproj", "{7C910CC1-E005-4FCB-99B3-B40564600C08}"
EndProject
Project("{54A90642-561A-4BB1-A94E-469ADEE60C69}") = "googleranktracker.client", "googleranktracker.client\googleranktracker.client.esproj", "{A2DFB5C0-3BB6-4FEE-B77D-C98CCA3BA257}"
EndProject
Global
	GlobalSection(SolutionConfigurationPlatforms) = preSolution
		Debug|Any CPU = Debug|Any CPU
		Release|Any CPU = Release|Any CPU
	EndGlobalSection
	GlobalSection(ProjectConfigurationPlatforms) = postSolution
		{7C910CC1-E005-4FCB-99B3-B40564600C08}.Debug|Any CPU.ActiveCfg = Debug|Any CPU
		{7C910CC1-E005-4FCB-99B3-B40564600C08}.Debug|Any CPU.Build.0 = Debug|Any CPU
		{7C910CC1-E005-4FCB-99B3-B40564600C08}.Release|Any CPU.ActiveCfg = Release|Any CPU
		{7C910CC1-E005-4FCB-99B3-B40564600C08}.Release|Any CPU.Build.0 = Release|Any CPU
		{A2DFB5C0-3BB6-4FEE-B77D-C98CCA3BA257}.Debug|Any CPU.ActiveCfg = Debug|Any CPU
		{A2DFB5C0-3BB6-4FEE-B77D-C98CCA3BA257}.Debug|Any CPU.Build.0 = Debug|Any CPU
		{A2DFB5C0-3BB6-4FEE-B77D-C98CCA3BA257}.Debug|Any CPU.Deploy.0 = Debug|Any CPU
		{A2DFB5C0-3BB6-4FEE-B77D-C98CCA3BA257}.Release|Any CPU.ActiveCfg = Release|Any CPU
		{A2DFB5C0-3BB6-4FEE-B77D-C98CCA3BA257}.Release|Any CPU.Build.0 = Release|Any CPU
		{A2DFB5C0-3BB6-4FEE-B77D-C98CCA3BA257}.Release|Any CPU.Deploy.0 = Release|Any CPU
	EndGlobalSection
	GlobalSection(SolutionProperties) = preSolution
		HideSolutionNode = FALSE
	EndGlobalSection
	GlobalSection(ExtensibilityGlobals) = postSolution
		SolutionGuid = {7F3D2156-56CD-435C-A761-F8761B25EC61}
	EndGlobalSection
EndGlobal
